<?xml version="1.0" encoding="utf-8"?>
<Project ToolsVersion="4.0" xmlns="http://schemas.microsoft.com/developer/msbuild/2003">
  <ItemGroup>
    <Filter Include="Assets">
      <UniqueIdentifier>{67DA6AB6-F800-4c08-8B7A-83BB121AAD01}</UniqueIdentifier>
      <Extensions>rc;ico;cur;bmp;dlg;rc2;rct;bin;rgs;gif;jpg;jpeg;jpe;resx;tiff;tif;png;wav;mfcribbon-ms</Extensions>
    </Filter>
    <Filter Include="Assets\shaders">
      <UniqueIdentifier>{5393ef37-2310-40a1-8e8e-364a34649ca4}</UniqueIdentifier>
    </Filter>
    <Filter Include="Assets\font">
      <UniqueIdentifier>{796b1046-6f94-4a9b-a5f3-93065da0c8e0}</UniqueIdentifier>
    </Filter>
    <Filter Include="Imgui">
      <UniqueIdentifier>{c9c58834-048e-4ffa-a88e-b6c65a3edce7}</UniqueIdentifier>
    </Filter>
    <Filter Include="Imgui\header">
      <UniqueIdentifier>{852d3928-0a63-4872-a555-e04e1ea2875c}</UniqueIdentifier>
    </Filter>
    <Filter Include="Imgui\source">
      <UniqueIdentifier>{db6d0908-e7e1-4318-9c58-00aa636bfece}</UniqueIdentifier>
    </Filter>
    <Filter Include="Source">
      <UniqueIdentifier>{4FC737F1-C7A5-4376-A066-2A32D752A2FF}</UniqueIdentifier>
      <Extensions>cpp;c;cc;cxx;c++;cppm;ixx;def;odl;idl;hpj;bat;asm;asmx</Extensions>
    </Filter>
    <Filter Include="Source\Engine">
      <UniqueIdentifier>{5afdef28-cfbc-4ec7-9235-80eef2ee3725}</UniqueIdentifier>
    </Filter>
    <Filter Include="Source\Utils">
      <UniqueIdentifier>{87a0a22c-3763-4e53-ac7e-5a2f3fa508ef}</UniqueIdentifier>
    </Filter>
    <Filter Include="Assets\textures">
      <UniqueIdentifier>{ef4ca1f7-ddac-4d11-b7aa-a0b38814db32}</UniqueIdentifier>
    </Filter>
  </ItemGroup>
  <ItemGroup>
    <ClCompile Include="Source\imgui\imgui.cpp">
      <Filter>Imgui\source</Filter>
    </ClCompile>
    <ClCompile Include="Source\imgui\imgui_demo.cpp">
      <Filter>Imgui\source</Filter>
    </ClCompile>
    <ClCompile Include="Source\imgui\imgui_draw.cpp">
      <Filter>Imgui\source</Filter>
    </ClCompile>
    <ClCompile Include="Source\imgui\imgui_impl_glfw.cpp">
      <Filter>Imgui\source</Filter>
    </ClCompile>
    <ClCompile Include="Source\imgui\imgui_impl_opengl3.cpp">
      <Filter>Imgui\source</Filter>
    </ClCompile>
    <ClCompile Include="Source\imgui\imgui_tables.cpp">
      <Filter>Imgui\source</Filter>
    </ClCompile>
    <ClCompile Include="Source\imgui\imgui_widgets.cpp">
      <Filter>Imgui\source</Filter>
    </ClCompile>
    <ClCompile Include="Source\EngineGL.cpp">
      <Filter>Source\Engine</Filter>
    </ClCompile>
    <ClCompile Include="Source\EngineGUI.cpp">
      <Filter>Source\Engine</Filter>
    </ClCompile>
    <ClCompile Include="Source\GameEngine.cpp">
      <Filter>Source\Engine</Filter>
    </ClCompile>
    <ClCompile Include="Source\Shader.cpp">
      <Filter>Source\Engine</Filter>
    </ClCompile>
    <ClCompile Include="Source\Model.cpp">
      <Filter>Source\Engine</Filter>
    </ClCompile>
    <ClCompile Include="Source\utility.cpp">
      <Filter>Source\Utils</Filter>
    </ClCompile>
    <ClCompile Include="Source\Logger.cpp">
      <Filter>Source\Utils</Filter>
    </ClCompile>
    <ClCompile Include="Source\main.cpp">
      <Filter>Source</Filter>
    </ClCompile>
  </ItemGroup>
  <ItemGroup>
    <ClInclude Include="Source\imgui\imconfig.h">
      <Filter>Imgui\header</Filter>
    </ClInclude>
    <ClInclude Include="Source\imgui\imgui.h">
      <Filter>Imgui\header</Filter>
    </ClInclude>
    <ClInclude Include="Source\imgui\imgui_impl_glfw.h">
      <Filter>Imgui\header</Filter>
    </ClInclude>
    <ClInclude Include="Source\imgui\imgui_impl_opengl3.h">
      <Filter>Imgui\header</Filter>
    </ClInclude>
    <ClInclude Include="Source\imgui\imgui_internal.h">
      <Filter>Imgui\header</Filter>
    </ClInclude>
    <ClInclude Include="Source\imgui\imgui_impl_opengl3_loader.h">
      <Filter>Imgui\header</Filter>
    </ClInclude>
    <ClInclude Include="Source\imgui\imstb_rectpack.h">
      <Filter>Imgui\header</Filter>
    </ClInclude>
    <ClInclude Include="Source\imgui\imstb_textedit.h">
      <Filter>Imgui\header</Filter>
    </ClInclude>
    <ClInclude Include="Source\imgui\imstb_truetype.h">
      <Filter>Imgui\header</Filter>
    </ClInclude>
    <ClInclude Include="Source\Carema.hpp">
      <Filter>Source\Engine</Filter>
    </ClInclude>
    <ClInclude Include="Source\EngineGL.h">
      <Filter>Source\Engine</Filter>
    </ClInclude>
    <ClInclude Include="Source\EngineGUI.h">
      <Filter>Source\Engine</Filter>
    </ClInclude>
    <ClInclude Include="Source\GameEngine.h">
      <Filter>Source\Engine</Filter>
    </ClInclude>
    <ClInclude Include="Source\Shader.h">
      <Filter>Source\Engine</Filter>
    </ClInclude>
    <ClInclude Include="Source\Model.h">
      <Filter>Source\Engine</Filter>
    </ClInclude>
    <ClInclude Include="Source\Logger.h">
      <Filter>Source\Utils</Filter>
    </ClInclude>
    <ClInclude Include="Source\stb_image.h">
      <Filter>Source\Utils</Filter>
    </ClInclude>
    <ClInclude Include="Source\utility.h">
      <Filter>Source\Utils</Filter>
    </ClInclude>
  </ItemGroup>
  <ItemGroup>
    <None Include="Assets\rectangles.glsl">
      <Filter>Assets\shaders</Filter>
    </None>
    <None Include="Assets\textures.glsl">
      <Filter>Assets\shaders</Filter>
    </None>
    <None Include="Assets\vertex.glsl">
      <Filter>Assets\shaders</Filter>
    </None>
    <None Include="Resources\msyh.ttc">
      <Filter>Assets\font</Filter>
    </None>
  </ItemGroup>
  <ItemGroup>
    <Image Include="Assets\container.jpg">
      <Filter>Assets\textures</Filter>
    </Image>
  </ItemGroup>
</Project>